
Microsoft Visual Studio Solution File, Format Version 12.00
# Visual Studio Version 17
VisualStudioVersion = 17.7.34202.233
MinimumVisualStudioVersion = 10.0.40219.1
Project("{FAE04EC0-301F-11D3-BF4B-00C04F79EFBC}") = "Cola C #", "Cola C #\Cola C #.csproj", "{C715EF9F-1E30-445F-AE2A-8AFD5F4531F9}"
EndProject
Global
	GlobalSection(SolutionConfigurationPlatforms) = preSolution
		Debug|Any CPU = Debug|Any CPU
		Release|Any CPU = Release|Any CPU
	EndGlobalSection
	GlobalSection(ProjectConfigurationPlatforms) = postSolution
		{C715EF9F-1E30-445F-AE2A-8AFD5F4531F9}.Debug|Any CPU.ActiveCfg = Debug|Any CPU
		{C715EF9F-1E30-445F-AE2A-8AFD5F4531F9}.Debug|Any CPU.Build.0 = Debug|Any CPU
		{C715EF9F-1E30-445F-AE2A-8AFD5F4531F9}.Release|Any CPU.ActiveCfg = Release|Any CPU
		{C715EF9F-1E30-445F-AE2A-8AFD5F4531F9}.Release|Any CPU.Build.0 = Release|Any CPU
	EndGlobalSection
	GlobalSection(SolutionProperties) = preSolution
		HideSolutionNode = FALSE
	EndGlobalSection
	GlobalSection(ExtensibilityGlobals) = postSolution
		SolutionGuid = {42E207B8-C593-4703-8360-D7696D6F1B66}
	EndGlobalSection
EndGlobal
